// !$*UTF8*$!
{
	archiveVersion = 1;
	classes = {
	};
	objectVersion = 56;
	objects = {

/* Begin PBXBuildFile section */
		AB50BD0A29E9CA3B00562D91 /* AppDelegate.swift in Sources */ = {isa = PBXBuildFile; fileRef = AB50BD0929E9CA3B00562D91 /* AppDelegate.swift */; };
		AB50BD0C29E9CA3B00562D91 /* SceneDelegate.swift in Sources */ = {isa = PBXBuildFile; fileRef = AB50BD0B29E9CA3B00562D91 /* SceneDelegate.swift */; };
		AB50BD0E29E9CA3B00562D91 /* ViewController.swift in Sources */ = {isa = PBXBuildFile; fileRef = AB50BD0D29E9CA3B00562D91 /* ViewController.swift */; };
		AB50BD1129E9CA3B00562D91 /* Main.storyboard in Resources */ = {isa = PBXBuildFile; fileRef = AB50BD0F29E9CA3B00562D91 /* Main.storyboard */; };
		AB50BD1329E9CA3C00562D91 /* Assets.xcassets in Resources */ = {isa = PBXBuildFile; fileRef = AB50BD1229E9CA3C00562D91 /* Assets.xcassets */; };
		AB50BD1629E9CA3C00562D91 /* LaunchScreen.storyboard in Resources */ = {isa = PBXBuildFile; fileRef = AB50BD1429E9CA3C00562D91 /* LaunchScreen.storyboard */; };
		AB50BD2129E9CA3C00562D91 /* I_am_RichTests.swift in Sources */ = {isa = PBXBuildFile; fileRef = AB50BD2029E9CA3C00562D91 /* I_am_RichTests.swift */; };
		AB50BD2B29E9CA3C00562D91 /* I_am_RichUITests.swift in Sources */ = {isa = PBXBuildFile; fileRef = AB50BD2A29E9CA3C00562D91 /* I_am_RichUITests.swift */; };
		AB50BD2D29E9CA3C00562D91 /* I_am_RichUITestsLaunchTests.swift in Sources */ = {isa = PBXBuildFile; fileRef = AB50BD2C29E9CA3C00562D91 /* I_am_RichUITestsLaunchTests.swift */; };
/* End PBXBuildFile section */

/* Begin PBXContainerItemProxy section */
		AB50BD1D29E9CA3C00562D91 /* PBXContainerItemProxy */ = {
			isa = PBXContainerItemProxy;
			containerPortal = AB50BCFE29E9CA3B00562D91 /* Project object */;
			proxyType = 1;
			remoteGlobalIDString = AB50BD0529E9CA3B00562D91;
			remoteInfo = "I am Rich";
		};
		AB50BD2729E9CA3C00562D91 /* PBXContainerItemProxy */ = {
			isa = PBXContainerItemProxy;
			containerPortal = AB50BCFE29E9CA3B00562D91 /* Project object */;
			proxyType = 1;
			remoteGlobalIDString = AB50BD0529E9CA3B00562D91;
			remoteInfo = "I am Rich";
		};
/* End PBXContainerItemProxy section */

/* Begin PBXFileReference section */
		AB50BD0629E9CA3B00562D91 /* I am Rich.app */ = {isa = PBXFileReference; explicitFileType = wrapper.application; includeInIndex = 0; path = "I am Rich.app"; sourceTree = BUILT_PRODUCTS_DIR; };
		AB50BD0929E9CA3B00562D91 /* AppDelegate.swift */ = {isa = PBXFileReference; lastKnownFileType = sourcecode.swift; path = AppDelegate.swift; sourceTree = "<group>"; };
		AB50BD0B29E9CA3B00562D91 /* SceneDelegate.swift */ = {isa = PBXFileReference; lastKnownFileType = sourcecode.swift; path = SceneDelegate.swift; sourceTree = "<group>"; };
		AB50BD0D29E9CA3B00562D91 /* ViewController.swift */ = {isa = PBXFileReference; lastKnownFileType = sourcecode.swift; path = ViewController.swift; sourceTree = "<group>"; };
		AB50BD1029E9CA3B00562D91 /* Base */ = {isa = PBXFileReference; lastKnownFileType = file.storyboard; name = Base; path = Base.lproj/Main.storyboard; sourceTree = "<group>"; };
		AB50BD1229E9CA3C00562D91 /* Assets.xcassets */ = {isa = PBXFileReference; lastKnownFileType = folder.assetcatalog; path = Assets.xcassets; sourceTree = "<group>"; };
		AB50BD1529E9CA3C00562D91 /* Base */ = {isa = PBXFileReference; lastKnownFileType = file.storyboard; name = Base; path = Base.lproj/LaunchScreen.storyboard; sourceTree = "<group>"; };
		AB50BD1729E9CA3C00562D91 /* Info.plist */ = {isa = PBXFileReference; lastKnownFileType = text.plist.xml; path = Info.plist; sourceTree = "<group>"; };
		AB50BD1C29E9CA3C00562D91 /* I am RichTests.xctest */ = {isa = PBXFileReference; explicitFileType = wrapper.cfbundle; includeInIndex = 0; path = "I am RichTests.xctest"; sourceTree = BUILT_PRODUCTS_DIR; };
		AB50BD2029E9CA3C00562D91 /* I_am_RichTests.swift */ = {isa = PBXFileReference; lastKnownFileType = sourcecode.swift; path = I_am_RichTests.swift; sourceTree = "<group>"; };
		AB50BD2629E9CA3C00562D91 /* I am RichUITests.xctest */ = {isa = PBXFileReference; explicitFileType = wrapper.cfbundle; includeInIndex = 0; path = "I am RichUITests.xctest"; sourceTree = BUILT_PRODUCTS_DIR; };
		AB50BD2A29E9CA3C00562D91 /* I_am_RichUITests.swift */ = {isa = PBXFileReference; lastKnownFileType = sourcecode.swift; path = I_am_RichUITests.swift; sourceTree = "<group>"; };
		AB50BD2C29E9CA3C00562D91 /* I_am_RichUITestsLaunchTests.swift */ = {isa = PBXFileReference; lastKnownFileType = sourcecode.swift; path = I_am_RichUITestsLaunchTests.swift; sourceTree = "<group>"; };
/* End PBXFileReference section */

/* Begin PBXFrameworksBuildPhase section */
		AB50BD0329E9CA3B00562D91 /* Frameworks */ = {
			isa = PBXFrameworksBuildPhase;
			buildActionMask = 2147483647;
			files = (
			);
			runOnlyForDeploymentPostprocessing = 0;
		};
		AB50BD1929E9CA3C00562D91 /* Frameworks */ = {
			isa = PBXFrameworksBuildPhase;
			buildActionMask = 2147483647;
			files = (
			);
			runOnlyForDeploymentPostprocessing = 0;
		};
		AB50BD2329E9CA3C00562D91 /* Frameworks */ = {
			isa = PBXFrameworksBuildPhase;
			buildActionMask = 2147483647;
			files = (
			);
			runOnlyForDeploymentPostprocessing = 0;
		};
/* End PBXFrameworksBuildPhase section */

/* Begin PBXGroup section */
		AB50BCFD29E9CA3B00562D91 = {
			isa = PBXGroup;
			children = (
				AB50BD0829E9CA3B00562D91 /* I am Rich */,
				AB50BD1F29E9CA3C00562D91 /* I am RichTests */,
				AB50BD2929E9CA3C00562D91 /* I am RichUITests */,
				AB50BD0729E9CA3B00562D91 /* Products */,
			);
			sourceTree = "<group>";
		};
		AB50BD0729E9CA3B00562D91 /* Products */ = {
			isa = PBXGroup;
			children = (
				AB50BD0629E9CA3B00562D91 /* I am Rich.app */,
				AB50BD1C29E9CA3C00562D91 /* I am RichTests.xctest */,
				AB50BD2629E9CA3C00562D91 /* I am RichUITests.xctest */,
			);
			name = Products;
			sourceTree = "<group>";
		};
		AB50BD0829E9CA3B00562D91 /* I am Rich */ = {
			isa = PBXGroup;
			children = (
				AB50BD0929E9CA3B00562D91 /* AppDelegate.swift */,
				AB50BD0B29E9CA3B00562D91 /* SceneDelegate.swift */,
				AB50BD0D29E9CA3B00562D91 /* ViewController.swift */,
				AB50BD0F29E9CA3B00562D91 /* Main.storyboard */,
				AB50BD1229E9CA3C00562D91 /* Assets.xcassets */,
				AB50BD1429E9CA3C00562D91 /* LaunchScreen.storyboard */,
				AB50BD1729E9CA3C00562D91 /* Info.plist */,
			);
			path = "I am Rich";
			sourceTree = "<group>";
		};
		AB50BD1F29E9CA3C00562D91 /* I am RichTests */ = {
			isa = PBXGroup;
			children = (
				AB50BD2029E9CA3C00562D91 /* I_am_RichTests.swift */,
			);
			path = "I am RichTests";
			sourceTree = "<group>";
		};
		AB50BD2929E9CA3C00562D91 /* I am RichUITests */ = {
			isa = PBXGroup;
			children = (
				AB50BD2A29E9CA3C00562D91 /* I_am_RichUITests.swift */,
				AB50BD2C29E9CA3C00562D91 /* I_am_RichUITestsLaunchTests.swift */,
			);
			path = "I am RichUITests";
			sourceTree = "<group>";
		};
/* End PBXGroup section */

/* Begin PBXNativeTarget section */
		AB50BD0529E9CA3B00562D91 /* I am Rich */ = {
			isa = PBXNativeTarget;
			buildConfigurationList = AB50BD3029E9CA3C00562D91 /* Build configuration list for PBXNativeTarget "I am Rich" */;
			buildPhases = (
				AB50BD0229E9CA3B00562D91 /* Sources */,
				AB50BD0329E9CA3B00562D91 /* Frameworks */,
				AB50BD0429E9CA3B00562D91 /* Resources */,
			);
			buildRules = (
			);
			dependencies = (
			);
			name = "I am Rich";
			productName = "I am Rich";
			productReference = AB50BD0629E9CA3B00562D91 /* I am Rich.app */;
			productType = "com.apple.product-type.application";
		};
		AB50BD1B29E9CA3C00562D91 /* I am RichTests */ = {
			isa = PBXNativeTarget;
			buildConfigurationList = AB50BD3329E9CA3C00562D91 /* Build configuration list for PBXNativeTarget "I am RichTests" */;
			buildPhases = (
				AB50BD1829E9CA3C00562D91 /* Sources */,
				AB50BD1929E9CA3C00562D91 /* Frameworks */,
				AB50BD1A29E9CA3C00562D91 /* Resources */,
			);
			buildRules = (
			);
			dependencies = (
				AB50BD1E29E9CA3C00562D91 /* PBXTargetDependency */,
			);
			name = "I am RichTests";
			productName = "I am RichTests";
			productReference = AB50BD1C29E9CA3C00562D91 /* I am RichTests.xctest */;
			productType = "com.apple.product-type.bundle.unit-test";
		};
		AB50BD2529E9CA3C00562D91 /* I am RichUITests */ = {
			isa = PBXNativeTarget;
			buildConfigurationList = AB50BD3629E9CA3C00562D91 /* Build configuration list for PBXNativeTarget "I am RichUITests" */;
			buildPhases = (
				AB50BD2229E9CA3C00562D91 /* Sources */,
				AB50BD2329E9CA3C00562D91 /* Frameworks */,
				AB50BD2429E9CA3C00562D91 /* Resources */,
			);
			buildRules = (
			);
			dependencies = (
				AB50BD2829E9CA3C00562D91 /* PBXTargetDependency */,
			);
			name = "I am RichUITests";
			productName = "I am RichUITests";
			productReference = AB50BD2629E9CA3C00562D91 /* I am RichUITests.xctest */;
			productType = "com.apple.product-type.bundle.ui-testing";
		};
/* End PBXNativeTarget section */

/* Begin PBXProject section */
		AB50BCFE29E9CA3B00562D91 /* Project object */ = {
			isa = PBXProject;
			attributes = {
				BuildIndependentTargetsInParallel = 1;
				LastSwiftUpdateCheck = 1430;
				LastUpgradeCheck = 1430;
				TargetAttributes = {
					AB50BD0529E9CA3B00562D91 = {
						CreatedOnToolsVersion = 14.3;
					};
					AB50BD1B29E9CA3C00562D91 = {
						CreatedOnToolsVersion = 14.3;
						TestTargetID = AB50BD0529E9CA3B00562D91;
					};
					AB50BD2529E9CA3C00562D91 = {
						CreatedOnToolsVersion = 14.3;
						TestTargetID = AB50BD0529E9CA3B00562D91;
					};
				};
			};
			buildConfigurationList = AB50BD0129E9CA3B00562D91 /* Build configuration list for PBXProject "I am Rich" */;
			compatibilityVersion = "Xcode 14.0";
			developmentRegion = en;
			hasScannedForEncodings = 0;
			knownRegions = (
				en,
				Base,
			);
			mainGroup = AB50BCFD29E9CA3B00562D91;
			productRefGroup = AB50BD0729E9CA3B00562D91 /* Products */;
			projectDirPath = "";
			projectRoot = "";
			targets = (
				AB50BD0529E9CA3B00562D91 /* I am Rich */,
				AB50BD1B29E9CA3C00562D91 /* I am RichTests */,
				AB50BD2529E9CA3C00562D91 /* I am RichUITests */,
			);
		};
/* End PBXProject section */

/* Begin PBXResourcesBuildPhase section */
		AB50BD0429E9CA3B00562D91 /* Resources */ = {
			isa = PBXResourcesBuildPhase;
			buildActionMask = 2147483647;
			files = (
				AB50BD1629E9CA3C00562D91 /* LaunchScreen.storyboard in Resources */,
				AB50BD1329E9CA3C00562D91 /* Assets.xcassets in Resources */,
				AB50BD1129E9CA3B00562D91 /* Main.storyboard in Resources */,
			);
			runOnlyForDeploymentPostprocessing = 0;
		};
		AB50BD1A29E9CA3C00562D91 /* Resources */ = {
			isa = PBXResourcesBuildPhase;
			buildActionMask = 2147483647;
			files = (
			);
			runOnlyForDeploymentPostprocessing = 0;
		};
		AB50BD2429E9CA3C00562D91 /* Resources */ = {
			isa = PBXResourcesBuildPhase;
			buildActionMask = 2147483647;
			files = (
			);
			runOnlyForDeploymentPostprocessing = 0;
		};
/* End PBXResourcesBuildPhase section */

/* Begin PBXSourcesBuildPhase section */
		AB50BD0229E9CA3B00562D91 /* Sources */ = {
			isa = PBXSourcesBuildPhase;
			buildActionMask = 2147483647;
			files = (
				AB50BD0E29E9CA3B00562D91 /* ViewController.swift in Sources */,
				AB50BD0A29E9CA3B00562D91 /* AppDelegate.swift in Sources */,
				AB50BD0C29E9CA3B00562D91 /* SceneDelegate.swift in Sources */,
			);
			runOnlyForDeploymentPostprocessing = 0;
		};
		AB50BD1829E9CA3C00562D91 /* Sources */ = {
			isa = PBXSourcesBuildPhase;
			buildActionMask = 2147483647;
			files = (
				AB50BD2129E9CA3C00562D91 /* I_am_RichTests.swift in Sources */,
			);
			runOnlyForDeploymentPostprocessing = 0;
		};
		AB50BD2229E9CA3C00562D91 /* Sources */ = {
			isa = PBXSourcesBuildPhase;
			buildActionMask = 2147483647;
			files = (
				AB50BD2D29E9CA3C00562D91 /* I_am_RichUITestsLaunchTests.swift in Sources */,
				AB50BD2B29E9CA3C00562D91 /* I_am_RichUITests.swift in Sources */,
			);
			runOnlyForDeploymentPostprocessing = 0;
		};
/* End PBXSourcesBuildPhase section */

/* Begin PBXTargetDependency section */
		AB50BD1E29E9CA3C00562D91 /* PBXTargetDependency */ = {
			isa = PBXTargetDependency;
			target = AB50BD0529E9CA3B00562D91 /* I am Rich */;
			targetProxy = AB50BD1D29E9CA3C00562D91 /* PBXContainerItemProxy */;
		};
		AB50BD2829E9CA3C00562D91 /* PBXTargetDependency */ = {
			isa = PBXTargetDependency;
			target = AB50BD0529E9CA3B00562D91 /* I am Rich */;
			targetProxy = AB50BD2729E9CA3C00562D91 /* PBXContainerItemProxy */;
		};
/* End PBXTargetDependency section */

/* Begin PBXVariantGroup section */
		AB50BD0F29E9CA3B00562D91 /* Main.storyboard */ = {
			isa = PBXVariantGroup;
			children = (
				AB50BD1029E9CA3B00562D91 /* Base */,
			);
			name = Main.storyboard;
			sourceTree = "<group>";
		};
		AB50BD1429E9CA3C00562D91 /* LaunchScreen.storyboard */ = {
			isa = PBXVariantGroup;
			children = (
				AB50BD1529E9CA3C00562D91 /* Base */,
			);
			name = LaunchScreen.storyboard;
			sourceTree = "<group>";
		};
/* End PBXVariantGroup section */

/* Begin XCBuildConfiguration section */
		AB50BD2E29E9CA3C00562D91 /* Debug */ = {
			isa = XCBuildConfiguration;
			buildSettings = {
				ALWAYS_SEARCH_USER_PATHS = NO;
				CLANG_ANALYZER_NONNULL = YES;
				CLANG_ANALYZER_NUMBER_OBJECT_CONVERSION = YES_AGGRESSIVE;
				CLANG_CXX_LANGUAGE_STANDARD = "gnu++20";
				CLANG_ENABLE_MODULES = YES;
				CLANG_ENABLE_OBJC_ARC = YES;
				CLANG_ENABLE_OBJC_WEAK = YES;
				CLANG_WARN_BLOCK_CAPTURE_AUTORELEASING = YES;
				CLANG_WARN_BOOL_CONVERSION = YES;
				CLANG_WARN_COMMA = YES;
				CLANG_WARN_CONSTANT_CONVERSION = YES;
				CLANG_WARN_DEPRECATED_OBJC_IMPLEMENTATIONS = YES;
				CLANG_WARN_DIRECT_OBJC_ISA_USAGE = YES_ERROR;
				CLANG_WARN_DOCUMENTATION_COMMENTS = YES;
				CLANG_WARN_EMPTY_BODY = YES;
				CLANG_WARN_ENUM_CONVERSION = YES;
				CLANG_WARN_INFINITE_RECURSION = YES;
				CLANG_WARN_INT_CONVERSION = YES;
				CLANG_WARN_NON_LITERAL_NULL_CONVERSION = YES;
				CLANG_WARN_OBJC_IMPLICIT_RETAIN_SELF = YES;
				CLANG_WARN_OBJC_LITERAL_CONVERSION = YES;
				CLANG_WARN_OBJC_ROOT_CLASS = YES_ERROR;
				CLANG_WARN_QUOTED_INCLUDE_IN_FRAMEWORK_HEADER = YES;
				CLANG_WARN_RANGE_LOOP_ANALYSIS = YES;
				CLANG_WARN_STRICT_PROTOTYPES = YES;
				CLANG_WARN_SUSPICIOUS_MOVE = YES;
				CLANG_WARN_UNGUARDED_AVAILABILITY = YES_AGGRESSIVE;
				CLANG_WARN_UNREACHABLE_CODE = YES;
				CLANG_WARN__DUPLICATE_METHOD_MATCH = YES;
				COPY_PHASE_STRIP = NO;
				DEBUG_INFORMATION_FORMAT = dwarf;
				ENABLE_STRICT_OBJC_MSGSEND = YES;
				ENABLE_TESTABILITY = YES;
				GCC_C_LANGUAGE_STANDARD = gnu11;
				GCC_DYNAMIC_NO_PIC = NO;
				GCC_NO_COMMON_BLOCKS = YES;
				GCC_OPTIMIZATION_LEVEL = 0;
				GCC_PREPROCESSOR_DEFINITIONS = (
					"DEBUG=1",
					"$(inherited)",
				);
				GCC_WARN_64_TO_32_BIT_CONVERSION = YES;
				GCC_WARN_ABOUT_RETURN_TYPE = YES_ERROR;
				GCC_WARN_UNDECLARED_SELECTOR = YES;
				GCC_WARN_UNINITIALIZED_AUTOS = YES_AGGRESSIVE;
				GCC_WARN_UNUSED_FUNCTION = YES;
				GCC_WARN_UNUSED_VARIABLE = YES;
				IPHONEOS_DEPLOYMENT_TARGET = 16.4;
				MTL_ENABLE_DEBUG_INFO = INCLUDE_SOURCE;
				MTL_FAST_MATH = YES;
				ONLY_ACTIVE_ARCH = YES;
				SDKROOT = iphoneos;
				SWIFT_ACTIVE_COMPILATION_CONDITIONS = DEBUG;
				SWIFT_OPTIMIZATION_LEVEL = "-Onone";
			};
			name = Debug;
		};
		AB50BD2F29E9CA3C00562D91 /* Release */ = {
			isa = XCBuildConfiguration;
			buildSettings = {
				ALWAYS_SEARCH_USER_PATHS = NO;
				CLANG_ANALYZER_NONNULL = YES;
				CLANG_ANALYZER_NUMBER_OBJECT_CONVERSION = YES_AGGRESSIVE;
				CLANG_CXX_LANGUAGE_STANDARD = "gnu++20";
				CLANG_ENABLE_MODULES = YES;
				CLANG_ENABLE_OBJC_ARC = YES;
				CLANG_ENABLE_OBJC_WEAK = YES;
				CLANG_WARN_BLOCK_CAPTURE_AUTORELEASING = YES;
				CLANG_WARN_BOOL_CONVERSION = YES;
				CLANG_WARN_COMMA = YES;
				CLANG_WARN_CONSTANT_CONVERSION = YES;
				CLANG_WARN_DEPRECATED_OBJC_IMPLEMENTATIONS = YES;
				CLANG_WARN_DIRECT_OBJC_ISA_USAGE = YES_ERROR;
				CLANG_WARN_DOCUMENTATION_COMMENTS = YES;
				CLANG_WARN_EMPTY_BODY = YES;
				CLANG_WARN_ENUM_CONVERSION = YES;
				CLANG_WARN_INFINITE_RECURSION = YES;
				CLANG_WARN_INT_CONVERSION = YES;
				CLANG_WARN_NON_LITERAL_NULL_CONVERSION = YES;
				CLANG_WARN_OBJC_IMPLICIT_RETAIN_SELF = YES;
				CLANG_WARN_OBJC_LITERAL_CONVERSION = YES;
				CLANG_WARN_OBJC_ROOT_CLASS = YES_ERROR;
				CLANG_WARN_QUOTED_INCLUDE_IN_FRAMEWORK_HEADER = YES;
				CLANG_WARN_RANGE_LOOP_ANALYSIS = YES;
				CLANG_WARN_STRICT_PROTOTYPES = YES;
				CLANG_WARN_SUSPICIOUS_MOVE = YES;
				CLANG_WARN_UNGUARDED_AVAILABILITY = YES_AGGRESSIVE;
				CLANG_WARN_UNREACHABLE_CODE = YES;
				CLANG_WARN__DUPLICATE_METHOD_MATCH = YES;
				COPY_PHASE_STRIP = NO;
				DEBUG_INFORMATION_FORMAT = "dwarf-with-dsym";
				ENABLE_NS_ASSERTIONS = NO;
				ENABLE_STRICT_OBJC_MSGSEND = YES;
				GCC_C_LANGUAGE_STANDARD = gnu11;
				GCC_NO_COMMON_BLOCKS = YES;
				GCC_WARN_64_TO_32_BIT_CONVERSION = YES;
				GCC_WARN_ABOUT_RETURN_TYPE = YES_ERROR;
				GCC_WARN_UNDECLARED_SELECTOR = YES;
				GCC_WARN_UNINITIALIZED_AUTOS = YES_AGGRESSIVE;
				GCC_WARN_UNUSED_FUNCTION = YES;
				GCC_WARN_UNUSED_VARIABLE = YES;
				IPHONEOS_DEPLOYMENT_TARGET = 16.4;
				MTL_ENABLE_DEBUG_INFO = NO;
				MTL_FAST_MATH = YES;
				SDKROOT = iphoneos;
				SWIFT_COMPILATION_MODE = wholemodule;
				SWIFT_OPTIMIZATION_LEVEL = "-O";
				VALIDATE_PRODUCT = YES;
			};
			name = Release;
		};
		AB50BD3129E9CA3C00562D91 /* Debug */ = {
			isa = XCBuildConfiguration;
			buildSettings = {
				ASSETCATALOG_COMPILER_APPICON_NAME = AppIcon;
				ASSETCATALOG_COMPILER_GLOBAL_ACCENT_COLOR_NAME = AccentColor;
				CODE_SIGN_STYLE = Automatic;
				CURRENT_PROJECT_VERSION = 1;
				GENERATE_INFOPLIST_FILE = YES;
				INFOPLIST_FILE = "I am Rich/Info.plist";
				INFOPLIST_KEY_UIApplicationSupportsIndirectInputEvents = YES;
				INFOPLIST_KEY_UILaunchStoryboardName = LaunchScreen;
				INFOPLIST_KEY_UIMainStoryboardFile = Main;
				INFOPLIST_KEY_UISupportedInterfaceOrientations_iPad = "UIInterfaceOrientationPortrait UIInterfaceOrientationPortraitUpsideDown UIInterfaceOrientationLandscapeLeft UIInterfaceOrientationLandscapeRight";
				INFOPLIST_KEY_UISupportedInterfaceOrientations_iPhone = "UIInterfaceOrientationPortrait UIInterfaceOrientationLandscapeLeft UIInterfaceOrientationLandscapeRight";
				LD_RUNPATH_SEARCH_PATHS = (
					"$(inherited)",
					"@executable_path/Frameworks",
				);
				MARKETING_VERSION = 1.0;
				PRODUCT_BUNDLE_IDENTIFIER = "pgs.indie.I-am-Rich";
				PRODUCT_NAME = "$(TARGET_NAME)";
				SWIFT_EMIT_LOC_STRINGS = YES;
				SWIFT_VERSION = 5.0;
				TARGETED_DEVICE_FAMILY = "1,2";
			};
			name = Debug;
		};
		AB50BD3229E9CA3C00562D91 /* Release */ = {
			isa = XCBuildConfiguration;
			buildSettings = {
				ASSETCATALOG_COMPILER_APPICON_NAME = AppIcon;
				ASSETCATALOG_COMPILER_GLOBAL_ACCENT_COLOR_NAME = AccentColor;
				CODE_SIGN_STYLE = Automatic;
				CURRENT_PROJECT_VERSION = 1;
				GENERATE_INFOPLIST_FILE = YES;
				INFOPLIST_FILE = "I am Rich/Info.plist";
				INFOPLIST_KEY_UIApplicationSupportsIndirectInputEvents = YES;
				INFOPLIST_KEY_UILaunchStoryboardName = LaunchScreen;
				INFOPLIST_KEY_UIMainStoryboardFile = Main;
				INFOPLIST_KEY_UISupportedInterfaceOrientations_iPad = "UIInterfaceOrientationPortrait UIInterfaceOrientationPortraitUpsideDown UIInterfaceOrientationLandscapeLeft UIInterfaceOrientationLandscapeRight";
				INFOPLIST_KEY_UISupportedInterfaceOrientations_iPhone = "UIInterfaceOrientationPortrait UIInterfaceOrientationLandscapeLeft UIInterfaceOrientationLandscapeRight";
				LD_RUNPATH_SEARCH_PATHS = (
					"$(inherited)",
					"@executable_path/Frameworks",
				);
				MARKETING_VERSION = 1.0;
				PRODUCT_BUNDLE_IDENTIFIER = "pgs.indie.I-am-Rich";
				PRODUCT_NAME = "$(TARGET_NAME)";
				SWIFT_EMIT_LOC_STRINGS = YES;
				SWIFT_VERSION = 5.0;
				TARGETED_DEVICE_FAMILY = "1,2";
			};
			name = Release;
		};
		AB50BD3429E9CA3C00562D91 /* Debug */ = {
			isa = XCBuildConfiguration;
			buildSettings = {
				ALWAYS_EMBED_SWIFT_STANDARD_LIBRARIES = YES;
				BUNDLE_LOADER = "$(TEST_HOST)";
				CODE_SIGN_STYLE = Automatic;
				CURRENT_PROJECT_VERSION = 1;
				GENERATE_INFOPLIST_FILE = YES;
				IPHONEOS_DEPLOYMENT_TARGET = 16.4;
				MARKETING_VERSION = 1.0;
				PRODUCT_BUNDLE_IDENTIFIER = "pgs.indie.I-am-RichTests";
				PRODUCT_NAME = "$(TARGET_NAME)";
				SWIFT_EMIT_LOC_STRINGS = NO;
				SWIFT_VERSION = 5.0;
				TARGETED_DEVICE_FAMILY = "1,2";
				TEST_HOST = "$(BUILT_PRODUCTS_DIR)/I am Rich.app/$(BUNDLE_EXECUTABLE_FOLDER_PATH)/I am Rich";
			};
			name = Debug;
		};
		AB50BD3529E9CA3C00562D91 /* Release */ = {
			isa = XCBuildConfiguration;
			buildSettings = {
				ALWAYS_EMBED_SWIFT_STANDARD_LIBRARIES = YES;
				BUNDLE_LOADER = "$(TEST_HOST)";
				CODE_SIGN_STYLE = Automatic;
				CURRENT_PROJECT_VERSION = 1;
				GENERATE_INFOPLIST_FILE = YES;
				IPHONEOS_DEPLOYMENT_TARGET = 16.4;
				MARKETING_VERSION = 1.0;
				PRODUCT_BUNDLE_IDENTIFIER = "pgs.indie.I-am-RichTests";
				PRODUCT_NAME = "$(TARGET_NAME)";
				SWIFT_EMIT_LOC_STRINGS = NO;
				SWIFT_VERSION = 5.0;
				TARGETED_DEVICE_FAMILY = "1,2";
				TEST_HOST = "$(BUILT_PRODUCTS_DIR)/I am Rich.app/$(BUNDLE_EXECUTABLE_FOLDER_PATH)/I am Rich";
			};
			name = Release;
		};
		AB50BD3729E9CA3C00562D91 /* Debug */ = {
			isa = XCBuildConfiguration;
			buildSettings = {
				ALWAYS_EMBED_SWIFT_STANDARD_LIBRARIES = YES;
				CODE_SIGN_STYLE = Automatic;
				CURRENT_PROJECT_VERSION = 1;
				GENERATE_INFOPLIST_FILE = YES;
				MARKETING_VERSION = 1.0;
				PRODUCT_BUNDLE_IDENTIFIER = "pgs.indie.I-am-RichUITests";
				PRODUCT_NAME = "$(TARGET_NAME)";
				SWIFT_EMIT_LOC_STRINGS = NO;
				SWIFT_VERSION = 5.0;
				TARGETED_DEVICE_FAMILY = "1,2";
				TEST_TARGET_NAME = "I am Rich";
			};
			name = Debug;
		};
		AB50BD3829E9CA3C00562D91 /* Release */ = {
			isa = XCBuildConfiguration;
			buildSettings = {
				ALWAYS_EMBED_SWIFT_STANDARD_LIBRARIES = YES;
				CODE_SIGN_STYLE = Automatic;
				CURRENT_PROJECT_VERSION = 1;
				GENERATE_INFOPLIST_FILE = YES;
				MARKETING_VERSION = 1.0;
				PRODUCT_BUNDLE_IDENTIFIER = "pgs.indie.I-am-RichUITests";
				PRODUCT_NAME = "$(TARGET_NAME)";
				SWIFT_EMIT_LOC_STRINGS = NO;
				SWIFT_VERSION = 5.0;
				TARGETED_DEVICE_FAMILY = "1,2";
				TEST_TARGET_NAME = "I am Rich";
			};
			name = Release;
		};
/* End XCBuildConfiguration section */

/* Begin XCConfigurationList section */
		AB50BD0129E9CA3B00562D91 /* Build configuration list for PBXProject "I am Rich" */ = {
			isa = XCConfigurationList;
			buildConfigurations = (
				AB50BD2E29E9CA3C00562D91 /* Debug */,
				AB50BD2F29E9CA3C00562D91 /* Release */,
			);
			defaultConfigurationIsVisible = 0;
			defaultConfigurationName = Release;
		};
		AB50BD3029E9CA3C00562D91 /* Build configuration list for PBXNativeTarget "I am Rich" */ = {
			isa = XCConfigurationList;
			buildConfigurations = (
				AB50BD3129E9CA3C00562D91 /* Debug */,
				AB50BD3229E9CA3C00562D91 /* Release */,
			);
			defaultConfigurationIsVisible = 0;
			defaultConfigurationName = Release;
		};
		AB50BD3329E9CA3C00562D91 /* Build configuration list for PBXNativeTarget "I am RichTests" */ = {
			isa = XCConfigurationList;
			buildConfigurations = (
				AB50BD3429E9CA3C00562D91 /* Debug */,
				AB50BD3529E9CA3C00562D91 /* Release */,
			);
			defaultConfigurationIsVisible = 0;
			defaultConfigurationName = Release;
		};
		AB50BD3629E9CA3C00562D91 /* Build configuration list for PBXNativeTarget "I am RichUITests" */ = {
			isa = XCConfigurationList;
			buildConfigurations = (
				AB50BD3729E9CA3C00562D91 /* Debug */,
				AB50BD3829E9CA3C00562D91 /* Release */,
			);
			defaultConfigurationIsVisible = 0;
			defaultConfigurationName = Release;
		};
/* End XCConfigurationList section */
	};
	rootObject = AB50BCFE29E9CA3B00562D91 /* Project object */;
}
